Microsoft Visual Studio Solution File, Format Version 11.00
# Visual Studio 2010
Project("{2150E333-8FDC-42A3-9474-1A3956D46DE8}") = "tests", "tests", "{1CA66D0F-9000-4AB6-A71A-4E64F1A391B8}"
EndProject
Project("{FAE04EC0-301F-11D3-BF4B-00C04F79EFBC}") = "ServiceStack.CacheAccess.Memcached", "ServiceStack.CacheAccess.Memcached\ServiceStack.CacheAccess.Memcached.csproj", "{600612F3-15B4-45B5-9D39-06FA016B81C9}"
EndProject
Project("{FAE04EC0-301F-11D3-BF4B-00C04F79EFBC}") = "ServiceStack.Compression", "ServiceStack.Compression\ServiceStack.Compression.csproj", "{EC12FEF4-E335-4C9D-9AA0-764A2203C26F}"
EndProject
Project("{FAE04EC0-301F-11D3-BF4B-00C04F79EFBC}") = "ServiceStack.CacheAccess.Memcached.Tests", "..\tests\ServiceStack.CacheAccess.Memcached.Tests\ServiceStack.CacheAccess.Memcached.Tests.csproj", "{3EEF88B9-14A0-466D-B364-24D5D0E9BE75}"
EndProject
Project("{FAE04EC0-301F-11D3-BF4B-00C04F79EFBC}") = "ServiceStack.CacheAccess.Providers.Tests", "..\tests\ServiceStack.CacheAccess.Providers.Tests\ServiceStack.CacheAccess.Providers.Tests.csproj", "{EF5C737D-9D69-4844-AE09-FA706AD7AB91}"
EndProject
Project("{2150E333-8FDC-42A3-9474-1A3956D46DE8}") = "build", "build", "{21E2FAC5-8CCD-4E23-962C-A44B07C1D5A1}"
	ProjectSection(SolutionItems) = preProject
		..\build\build.bat = ..\build\build.bat
	EndProjectSection
EndProject
Global
	GlobalSection(SolutionConfigurationPlatforms) = preSolution
		Debug|Any CPU = Debug|Any CPU
		Release|Any CPU = Release|Any CPU
	EndGlobalSection
	GlobalSection(ProjectConfigurationPlatforms) = postSolution
		{600612F3-15B4-45B5-9D39-06FA016B81C9}.Debug|Any CPU.ActiveCfg = Debug|Any CPU
		{600612F3-15B4-45B5-9D39-06FA016B81C9}.Debug|Any CPU.Build.0 = Debug|Any CPU
		{600612F3-15B4-45B5-9D39-06FA016B81C9}.Release|Any CPU.ActiveCfg = Release|Any CPU
		{600612F3-15B4-45B5-9D39-06FA016B81C9}.Release|Any CPU.Build.0 = Release|Any CPU
		{EC12FEF4-E335-4C9D-9AA0-764A2203C26F}.Debug|Any CPU.ActiveCfg = Debug|Any CPU
		{EC12FEF4-E335-4C9D-9AA0-764A2203C26F}.Debug|Any CPU.Build.0 = Debug|Any CPU
		{EC12FEF4-E335-4C9D-9AA0-764A2203C26F}.Release|Any CPU.ActiveCfg = Release|Any CPU
		{EC12FEF4-E335-4C9D-9AA0-764A2203C26F}.Release|Any CPU.Build.0 = Release|Any CPU
		{3EEF88B9-14A0-466D-B364-24D5D0E9BE75}.Debug|Any CPU.ActiveCfg = Debug|Any CPU
		{3EEF88B9-14A0-466D-B364-24D5D0E9BE75}.Debug|Any CPU.Build.0 = Debug|Any CPU
		{3EEF88B9-14A0-466D-B364-24D5D0E9BE75}.Release|Any CPU.ActiveCfg = Release|Any CPU
		{3EEF88B9-14A0-466D-B364-24D5D0E9BE75}.Release|Any CPU.Build.0 = Release|Any CPU
		{EF5C737D-9D69-4844-AE09-FA706AD7AB91}.Debug|Any CPU.ActiveCfg = Debug|Any CPU
		{EF5C737D-9D69-4844-AE09-FA706AD7AB91}.Debug|Any CPU.Build.0 = Debug|Any CPU
		{EF5C737D-9D69-4844-AE09-FA706AD7AB91}.Release|Any CPU.ActiveCfg = Release|Any CPU
		{EF5C737D-9D69-4844-AE09-FA706AD7AB91}.Release|Any CPU.Build.0 = Release|Any CPU
	EndGlobalSection
	GlobalSection(SolutionProperties) = preSolution
		HideSolutionNode = FALSE
	EndGlobalSection
	GlobalSection(NestedProjects) = preSolution
		{3EEF88B9-14A0-466D-B364-24D5D0E9BE75} = {1CA66D0F-9000-4AB6-A71A-4E64F1A391B8}
		{EF5C737D-9D69-4844-AE09-FA706AD7AB91} = {1CA66D0F-9000-4AB6-A71A-4E64F1A391B8}
	EndGlobalSection
EndGlobal
